
Microsoft Visual Studio Solution File, Format Version 12.00
# Visual Studio 14
VisualStudioVersion = 14.0.25420.1
MinimumVisualStudioVersion = 10.0.40219.1
Project("{FAE04EC0-301F-11D3-BF4B-00C04F79EFBC}") = "EvoNet", "EvoNet\EvoNet.csproj", "{C2360B30-7C1B-4C75-84D7-12B5AF2FBDC0}"
EndProject
Project("{FAE04EC0-301F-11D3-BF4B-00C04F79EFBC}") = "FrameworkLibrary", "FrameworkLibrary\FrameworkLibrary.csproj", "{F9F0BD2A-A605-4971-961F-885177D22039}"
EndProject
Global
	GlobalSection(SolutionConfigurationPlatforms) = preSolution
		Debug|Any CPU = Debug|Any CPU
		Release|Any CPU = Release|Any CPU
	EndGlobalSection
	GlobalSection(ProjectConfigurationPlatforms) = postSolution
		{C2360B30-7C1B-4C75-84D7-12B5AF2FBDC0}.Debug|Any CPU.ActiveCfg = Debug|Any CPU
		{C2360B30-7C1B-4C75-84D7-12B5AF2FBDC0}.Debug|Any CPU.Build.0 = Debug|Any CPU
		{C2360B30-7C1B-4C75-84D7-12B5AF2FBDC0}.Release|Any CPU.ActiveCfg = Release|Any CPU
		{C2360B30-7C1B-4C75-84D7-12B5AF2FBDC0}.Release|Any CPU.Build.0 = Release|Any CPU
		{F9F0BD2A-A605-4971-961F-885177D22039}.Debug|Any CPU.ActiveCfg = Debug|Any CPU
		{F9F0BD2A-A605-4971-961F-885177D22039}.Debug|Any CPU.Build.0 = Debug|Any CPU
		{F9F0BD2A-A605-4971-961F-885177D22039}.Release|Any CPU.ActiveCfg = Release|Any CPU
		{F9F0BD2A-A605-4971-961F-885177D22039}.Release|Any CPU.Build.0 = Release|Any CPU
	EndGlobalSection
	GlobalSection(SolutionProperties) = preSolution
		HideSolutionNode = FALSE
	EndGlobalSection
EndGlobal
